// !$*UTF8*$!
{
	archiveVersion = 1;
	classes = {
	};
	objectVersion = 52;
	objects = {

/* Begin PBXBuildFile section */
		6E075F4A22C9605A00CBCC8D /* DataSource.swift in Sources */ = {isa = PBXBuildFile; fileRef = 6E075F4922C9605A00CBCC8D /* DataSource.swift */; };
		6E075F4C22C9608100CBCC8D /* TableSection.swift in Sources */ = {isa = PBXBuildFile; fileRef = 6E075F4B22C9608100CBCC8D /* TableSection.swift */; };
		6E075F4F22C962B300CBCC8D /* MovieListSection.swift in Sources */ = {isa = PBXBuildFile; fileRef = 6E075F4E22C962B300CBCC8D /* MovieListSection.swift */; };
		6E0FCE7D231AF75600E85079 /* ViewModelOwner.swift in Sources */ = {isa = PBXBuildFile; fileRef = 6E0FCE7C231AF75600E85079 /* ViewModelOwner.swift */; };
		6E0FCE7F231AF77700E85079 /* TableViewCell.swift in Sources */ = {isa = PBXBuildFile; fileRef = 6E0FCE7E231AF77700E85079 /* TableViewCell.swift */; };
		6E1A8B2422C837080055B6D8 /* AppDelegate.swift in Sources */ = {isa = PBXBuildFile; fileRef = 6E1A8B2322C837080055B6D8 /* AppDelegate.swift */; };
		6E1A8B2B22C8370B0055B6D8 /* Assets.xcassets in Resources */ = {isa = PBXBuildFile; fileRef = 6E1A8B2A22C8370B0055B6D8 /* Assets.xcassets */; };
		6E1A8B2E22C8370B0055B6D8 /* LaunchScreen.storyboard in Resources */ = {isa = PBXBuildFile; fileRef = 6E1A8B2C22C8370B0055B6D8 /* LaunchScreen.storyboard */; };
		6E1A8B5122C84B700055B6D8 /* MovieListViewController.swift in Sources */ = {isa = PBXBuildFile; fileRef = 6E1A8B5022C84B700055B6D8 /* MovieListViewController.swift */; };
		6E1A8B5322C84B770055B6D8 /* MovieListViewModel.swift in Sources */ = {isa = PBXBuildFile; fileRef = 6E1A8B5222C84B770055B6D8 /* MovieListViewModel.swift */; };
		6E1A8B5522C84B7F0055B6D8 /* MovieListView.swift in Sources */ = {isa = PBXBuildFile; fileRef = 6E1A8B5422C84B7F0055B6D8 /* MovieListView.swift */; };
		6E1A8BA622C86C0F0055B6D8 /* UICollectionView+Reusable.swift in Sources */ = {isa = PBXBuildFile; fileRef = 6E1A8B9E22C86C0F0055B6D8 /* UICollectionView+Reusable.swift */; };
		6E1A8BA722C86C0F0055B6D8 /* Reusable.swift in Sources */ = {isa = PBXBuildFile; fileRef = 6E1A8B9F22C86C0F0055B6D8 /* Reusable.swift */; };
		6E1A8BA822C86C0F0055B6D8 /* UITableView+Reusable.swift in Sources */ = {isa = PBXBuildFile; fileRef = 6E1A8BA022C86C0F0055B6D8 /* UITableView+Reusable.swift */; };
		6E1A8BA922C86C0F0055B6D8 /* NibLoadable.swift in Sources */ = {isa = PBXBuildFile; fileRef = 6E1A8BA122C86C0F0055B6D8 /* NibLoadable.swift */; };
		6E1A8BAA22C86C0F0055B6D8 /* NibOwnerLoadable.swift in Sources */ = {isa = PBXBuildFile; fileRef = 6E1A8BA222C86C0F0055B6D8 /* NibOwnerLoadable.swift */; };
		6E1A8BAC22C86C0F0055B6D8 /* ViewCodable.swift in Sources */ = {isa = PBXBuildFile; fileRef = 6E1A8BA422C86C0F0055B6D8 /* ViewCodable.swift */; };
		6E1A8BB222C873110055B6D8 /* MovieCellViewModel.swift in Sources */ = {isa = PBXBuildFile; fileRef = 6E1A8BB122C873110055B6D8 /* MovieCellViewModel.swift */; };
		6E1A8BB422C8731E0055B6D8 /* MovieCellView.swift in Sources */ = {isa = PBXBuildFile; fileRef = 6E1A8BB322C8731E0055B6D8 /* MovieCellView.swift */; };
		6E252DF523948F9D00FA5851 /* UIImageView+Cache.swift in Sources */ = {isa = PBXBuildFile; fileRef = 6E252DF423948F9D00FA5851 /* UIImageView+Cache.swift */; };
		6E29703623A08E2C007BB70C /* CircleProgressView.swift in Sources */ = {isa = PBXBuildFile; fileRef = 6E29703523A08E2C007BB70C /* CircleProgressView.swift */; };
		6E696B03239F4F09000AD9F8 /* UIView+Skeleton.swift in Sources */ = {isa = PBXBuildFile; fileRef = 6E696B02239F4F09000AD9F8 /* UIView+Skeleton.swift */; };
		6E696B05239F4F98000AD9F8 /* UIViewController+Skeleton.swift in Sources */ = {isa = PBXBuildFile; fileRef = 6E696B04239F4F98000AD9F8 /* UIViewController+Skeleton.swift */; };
		6E8D0E20231C7491002A6861 /* MovieServiceProtocol.swift in Sources */ = {isa = PBXBuildFile; fileRef = 6E8D0E1F231C7491002A6861 /* MovieServiceProtocol.swift */; };
		6E8D0E22231C74D4002A6861 /* MovieService.swift in Sources */ = {isa = PBXBuildFile; fileRef = 6E8D0E21231C74D4002A6861 /* MovieService.swift */; };
		6ECCA81022D44752001B91F6 /* CardView.swift in Sources */ = {isa = PBXBuildFile; fileRef = 6ECCA80F22D44752001B91F6 /* CardView.swift */; };
		6EFDA1A623D63F3A00BF68DD /* AlertDisplayer.swift in Sources */ = {isa = PBXBuildFile; fileRef = 6EFDA1A523D63F3A00BF68DD /* AlertDisplayer.swift */; };
		6EFDA1A823D663FD00BF68DD /* String+Extension.swift in Sources */ = {isa = PBXBuildFile; fileRef = 6EFDA1A723D663FD00BF68DD /* String+Extension.swift */; };
		B317DCAD243916A90069A75C /* Movie.swift in Sources */ = {isa = PBXBuildFile; fileRef = B317DCAC243916A90069A75C /* Movie.swift */; };
		B317DCAF243916BB0069A75C /* PopularMovies.swift in Sources */ = {isa = PBXBuildFile; fileRef = B317DCAE243916BB0069A75C /* PopularMovies.swift */; };
		B317DCB4243917110069A75C /* MovieRouter.swift in Sources */ = {isa = PBXBuildFile; fileRef = B317DCB3243917110069A75C /* MovieRouter.swift */; };
		B3DF83FE2566C43D00E7DBBC /* LayoutKit in Frameworks */ = {isa = PBXBuildFile; productRef = B3DF83FD2566C43D00E7DBBC /* LayoutKit */; };
		B3DF842A2566C86800E7DBBC /* SkeletonTests.swift in Sources */ = {isa = PBXBuildFile; fileRef = B3DF84292566C86800E7DBBC /* SkeletonTests.swift */; };
		B3E9E2352434117F00317725 /* AsyncTask.swift in Sources */ = {isa = PBXBuildFile; fileRef = B3E9E2342434117F00317725 /* AsyncTask.swift */; };
		B3E9E2372434118900317725 /* DataTask.swift in Sources */ = {isa = PBXBuildFile; fileRef = B3E9E2362434118900317725 /* DataTask.swift */; };
		B3E9E2392434119300317725 /* ImageTask.swift in Sources */ = {isa = PBXBuildFile; fileRef = B3E9E2382434119300317725 /* ImageTask.swift */; };
		B3E9E23B2434119C00317725 /* ImageUtil.swift in Sources */ = {isa = PBXBuildFile; fileRef = B3E9E23A2434119C00317725 /* ImageUtil.swift */; };
		B3E9E23D243411A500317725 /* TaskQueue.swift in Sources */ = {isa = PBXBuildFile; fileRef = B3E9E23C243411A500317725 /* TaskQueue.swift */; };
/* End PBXBuildFile section */

/* Begin PBXContainerItemProxy section */
		B3DF842C2566C86800E7DBBC /* PBXContainerItemProxy */ = {
			isa = PBXContainerItemProxy;
			containerPortal = 6E1A8B1822C837080055B6D8 /* Project object */;
			proxyType = 1;
			remoteGlobalIDString = 6E1A8B1F22C837080055B6D8;
			remoteInfo = Skeleton;
		};
/* End PBXContainerItemProxy section */

/* Begin PBXCopyFilesBuildPhase section */
		6E252E1023949E2500FA5851 /* Embed Frameworks */ = {
			isa = PBXCopyFilesBuildPhase;
			buildActionMask = 2147483647;
			dstPath = "";
			dstSubfolderSpec = 10;
			files = (
			);
			name = "Embed Frameworks";
			runOnlyForDeploymentPostprocessing = 0;
		};
/* End PBXCopyFilesBuildPhase section */

/* Begin PBXFileReference section */
		6E075F4922C9605A00CBCC8D /* DataSource.swift */ = {isa = PBXFileReference; lastKnownFileType = sourcecode.swift; path = DataSource.swift; sourceTree = "<group>"; };
		6E075F4B22C9608100CBCC8D /* TableSection.swift */ = {isa = PBXFileReference; lastKnownFileType = sourcecode.swift; path = TableSection.swift; sourceTree = "<group>"; };
		6E075F4E22C962B300CBCC8D /* MovieListSection.swift */ = {isa = PBXFileReference; lastKnownFileType = sourcecode.swift; path = MovieListSection.swift; sourceTree = "<group>"; };
		6E0FCE7C231AF75600E85079 /* ViewModelOwner.swift */ = {isa = PBXFileReference; lastKnownFileType = sourcecode.swift; path = ViewModelOwner.swift; sourceTree = "<group>"; };
		6E0FCE7E231AF77700E85079 /* TableViewCell.swift */ = {isa = PBXFileReference; lastKnownFileType = sourcecode.swift; path = TableViewCell.swift; sourceTree = "<group>"; };
		6E1A8B2022C837080055B6D8 /* Skeleton.app */ = {isa = PBXFileReference; explicitFileType = wrapper.application; includeInIndex = 0; path = Skeleton.app; sourceTree = BUILT_PRODUCTS_DIR; };
		6E1A8B2322C837080055B6D8 /* AppDelegate.swift */ = {isa = PBXFileReference; lastKnownFileType = sourcecode.swift; path = AppDelegate.swift; sourceTree = "<group>"; };
		6E1A8B2A22C8370B0055B6D8 /* Assets.xcassets */ = {isa = PBXFileReference; lastKnownFileType = folder.assetcatalog; path = Assets.xcassets; sourceTree = "<group>"; };
		6E1A8B2D22C8370B0055B6D8 /* Base */ = {isa = PBXFileReference; lastKnownFileType = file.storyboard; name = Base; path = Base.lproj/LaunchScreen.storyboard; sourceTree = "<group>"; };
		6E1A8B2F22C8370B0055B6D8 /* Info.plist */ = {isa = PBXFileReference; lastKnownFileType = text.plist.xml; path = Info.plist; sourceTree = "<group>"; };
		6E1A8B5022C84B700055B6D8 /* MovieListViewController.swift */ = {isa = PBXFileReference; lastKnownFileType = sourcecode.swift; path = MovieListViewController.swift; sourceTree = "<group>"; };
		6E1A8B5222C84B770055B6D8 /* MovieListViewModel.swift */ = {isa = PBXFileReference; lastKnownFileType = sourcecode.swift; path = MovieListViewModel.swift; sourceTree = "<group>"; };
		6E1A8B5422C84B7F0055B6D8 /* MovieListView.swift */ = {isa = PBXFileReference; lastKnownFileType = sourcecode.swift; path = MovieListView.swift; sourceTree = "<group>"; };
		6E1A8B9E22C86C0F0055B6D8 /* UICollectionView+Reusable.swift */ = {isa = PBXFileReference; fileEncoding = 4; lastKnownFileType = sourcecode.swift; path = "UICollectionView+Reusable.swift"; sourceTree = "<group>"; };
		6E1A8B9F22C86C0F0055B6D8 /* Reusable.swift */ = {isa = PBXFileReference; fileEncoding = 4; lastKnownFileType = sourcecode.swift; path = Reusable.swift; sourceTree = "<group>"; };
		6E1A8BA022C86C0F0055B6D8 /* UITableView+Reusable.swift */ = {isa = PBXFileReference; fileEncoding = 4; lastKnownFileType = sourcecode.swift; path = "UITableView+Reusable.swift"; sourceTree = "<group>"; };
		6E1A8BA122C86C0F0055B6D8 /* NibLoadable.swift */ = {isa = PBXFileReference; fileEncoding = 4; lastKnownFileType = sourcecode.swift; path = NibLoadable.swift; sourceTree = "<group>"; };
		6E1A8BA222C86C0F0055B6D8 /* NibOwnerLoadable.swift */ = {isa = PBXFileReference; fileEncoding = 4; lastKnownFileType = sourcecode.swift; path = NibOwnerLoadable.swift; sourceTree = "<group>"; };
		6E1A8BA422C86C0F0055B6D8 /* ViewCodable.swift */ = {isa = PBXFileReference; fileEncoding = 4; lastKnownFileType = sourcecode.swift; path = ViewCodable.swift; sourceTree = "<group>"; };
		6E1A8BB122C873110055B6D8 /* MovieCellViewModel.swift */ = {isa = PBXFileReference; lastKnownFileType = sourcecode.swift; path = MovieCellViewModel.swift; sourceTree = "<group>"; };
		6E1A8BB322C8731E0055B6D8 /* MovieCellView.swift */ = {isa = PBXFileReference; lastKnownFileType = sourcecode.swift; path = MovieCellView.swift; sourceTree = "<group>"; };
		6E252DF423948F9D00FA5851 /* UIImageView+Cache.swift */ = {isa = PBXFileReference; lastKnownFileType = sourcecode.swift; path = "UIImageView+Cache.swift"; sourceTree = "<group>"; };
		6E29703523A08E2C007BB70C /* CircleProgressView.swift */ = {isa = PBXFileReference; lastKnownFileType = sourcecode.swift; path = CircleProgressView.swift; sourceTree = "<group>"; };
		6E696B02239F4F09000AD9F8 /* UIView+Skeleton.swift */ = {isa = PBXFileReference; lastKnownFileType = sourcecode.swift; path = "UIView+Skeleton.swift"; sourceTree = "<group>"; };
		6E696B04239F4F98000AD9F8 /* UIViewController+Skeleton.swift */ = {isa = PBXFileReference; lastKnownFileType = sourcecode.swift; path = "UIViewController+Skeleton.swift"; sourceTree = "<group>"; };
		6E8D0E1F231C7491002A6861 /* MovieServiceProtocol.swift */ = {isa = PBXFileReference; lastKnownFileType = sourcecode.swift; path = MovieServiceProtocol.swift; sourceTree = "<group>"; };
		6E8D0E21231C74D4002A6861 /* MovieService.swift */ = {isa = PBXFileReference; lastKnownFileType = sourcecode.swift; path = MovieService.swift; sourceTree = "<group>"; };
		6ECCA80F22D44752001B91F6 /* CardView.swift */ = {isa = PBXFileReference; lastKnownFileType = sourcecode.swift; path = CardView.swift; sourceTree = "<group>"; };
		6EFDA1A523D63F3A00BF68DD /* AlertDisplayer.swift */ = {isa = PBXFileReference; lastKnownFileType = sourcecode.swift; path = AlertDisplayer.swift; sourceTree = "<group>"; };
		6EFDA1A723D663FD00BF68DD /* String+Extension.swift */ = {isa = PBXFileReference; lastKnownFileType = sourcecode.swift; path = "String+Extension.swift"; sourceTree = "<group>"; };
		B317DCAC243916A90069A75C /* Movie.swift */ = {isa = PBXFileReference; lastKnownFileType = sourcecode.swift; path = Movie.swift; sourceTree = "<group>"; };
		B317DCAE243916BB0069A75C /* PopularMovies.swift */ = {isa = PBXFileReference; lastKnownFileType = sourcecode.swift; path = PopularMovies.swift; sourceTree = "<group>"; };
		B317DCB3243917110069A75C /* MovieRouter.swift */ = {isa = PBXFileReference; fileEncoding = 4; lastKnownFileType = sourcecode.swift; path = MovieRouter.swift; sourceTree = "<group>"; };
		B3DF84272566C86800E7DBBC /* SkeletonTests.xctest */ = {isa = PBXFileReference; explicitFileType = wrapper.cfbundle; includeInIndex = 0; path = SkeletonTests.xctest; sourceTree = BUILT_PRODUCTS_DIR; };
		B3DF84292566C86800E7DBBC /* SkeletonTests.swift */ = {isa = PBXFileReference; lastKnownFileType = sourcecode.swift; path = SkeletonTests.swift; sourceTree = "<group>"; };
		B3DF842B2566C86800E7DBBC /* Info.plist */ = {isa = PBXFileReference; lastKnownFileType = text.plist.xml; path = Info.plist; sourceTree = "<group>"; };
		B3E9E2342434117F00317725 /* AsyncTask.swift */ = {isa = PBXFileReference; lastKnownFileType = sourcecode.swift; path = AsyncTask.swift; sourceTree = "<group>"; };
		B3E9E2362434118900317725 /* DataTask.swift */ = {isa = PBXFileReference; lastKnownFileType = sourcecode.swift; path = DataTask.swift; sourceTree = "<group>"; };
		B3E9E2382434119300317725 /* ImageTask.swift */ = {isa = PBXFileReference; lastKnownFileType = sourcecode.swift; path = ImageTask.swift; sourceTree = "<group>"; };
		B3E9E23A2434119C00317725 /* ImageUtil.swift */ = {isa = PBXFileReference; lastKnownFileType = sourcecode.swift; path = ImageUtil.swift; sourceTree = "<group>"; };
		B3E9E23C243411A500317725 /* TaskQueue.swift */ = {isa = PBXFileReference; lastKnownFileType = sourcecode.swift; path = TaskQueue.swift; sourceTree = "<group>"; };
/* End PBXFileReference section */

/* Begin PBXFrameworksBuildPhase section */
		6E1A8B1D22C837080055B6D8 /* Frameworks */ = {
			isa = PBXFrameworksBuildPhase;
			buildActionMask = 2147483647;
			files = (
				B3DF83FE2566C43D00E7DBBC /* LayoutKit in Frameworks */,
			);
			runOnlyForDeploymentPostprocessing = 0;
		};
		B3DF84242566C86800E7DBBC /* Frameworks */ = {
			isa = PBXFrameworksBuildPhase;
			buildActionMask = 2147483647;
			files = (
			);
			runOnlyForDeploymentPostprocessing = 0;
		};
/* End PBXFrameworksBuildPhase section */

/* Begin PBXGroup section */
		6E075F4822C9603200CBCC8D /* TableFactory */ = {
			isa = PBXGroup;
			children = (
				6E075F4922C9605A00CBCC8D /* DataSource.swift */,
				6E075F4B22C9608100CBCC8D /* TableSection.swift */,
			);
			path = TableFactory;
			sourceTree = "<group>";
		};
		6E075F4D22C9629700CBCC8D /* Section */ = {
			isa = PBXGroup;
			children = (
				6E075F4E22C962B300CBCC8D /* MovieListSection.swift */,
			);
			path = Section;
			sourceTree = "<group>";
		};
		6E1A8B1722C837080055B6D8 = {
			isa = PBXGroup;
			children = (
				6E1A8B2222C837080055B6D8 /* Skeleton */,
				B3DF84282566C86800E7DBBC /* SkeletonTests */,
				6E1A8B2122C837080055B6D8 /* Products */,
				B3DF84402566E17500E7DBBC /* Frameworks */,
			);
			sourceTree = "<group>";
		};
		6E1A8B2122C837080055B6D8 /* Products */ = {
			isa = PBXGroup;
			children = (
				6E1A8B2022C837080055B6D8 /* Skeleton.app */,
				B3DF84272566C86800E7DBBC /* SkeletonTests.xctest */,
			);
			name = Products;
			sourceTree = "<group>";
		};
		6E1A8B2222C837080055B6D8 /* Skeleton */ = {
			isa = PBXGroup;
			children = (
				B37AAB6123221442001A310D /* Source */,
			);
			path = Skeleton;
			sourceTree = "<group>";
		};
		6E1A8B4822C83DA30055B6D8 /* Resoures */ = {
			isa = PBXGroup;
			children = (
				6E1A8B2322C837080055B6D8 /* AppDelegate.swift */,
				6E1A8B2A22C8370B0055B6D8 /* Assets.xcassets */,
				6E1A8B2C22C8370B0055B6D8 /* LaunchScreen.storyboard */,
				6E1A8B2F22C8370B0055B6D8 /* Info.plist */,
			);
			path = Resoures;
			sourceTree = "<group>";
		};
		6E1A8B4922C83DD60055B6D8 /* Skeleton */ = {
			isa = PBXGroup;
			children = (
				6E696B02239F4F09000AD9F8 /* UIView+Skeleton.swift */,
				6E696B04239F4F98000AD9F8 /* UIViewController+Skeleton.swift */,
			);
			path = Skeleton;
			sourceTree = "<group>";
		};
		6E1A8B4F22C84B570055B6D8 /* Features */ = {
			isa = PBXGroup;
			children = (
				B317DCB52439173C0069A75C /* List */,
			);
			path = Features;
			sourceTree = "<group>";
		};
		6E1A8B9A22C86BA30055B6D8 /* Common */ = {
			isa = PBXGroup;
			children = (
				6E8D0E1A231C5B4A002A6861 /* Views */,
				6E075F4822C9603200CBCC8D /* TableFactory */,
				6E1A8B9D22C86C0F0055B6D8 /* Reusable */,
				6E1A8BA422C86C0F0055B6D8 /* ViewCodable.swift */,
				6E0FCE7C231AF75600E85079 /* ViewModelOwner.swift */,
				6E0FCE7E231AF77700E85079 /* TableViewCell.swift */,
				6E252DF423948F9D00FA5851 /* UIImageView+Cache.swift */,
				6EFDA1A523D63F3A00BF68DD /* AlertDisplayer.swift */,
				6EFDA1A723D663FD00BF68DD /* String+Extension.swift */,
			);
			path = Common;
			sourceTree = "<group>";
		};
		6E1A8B9D22C86C0F0055B6D8 /* Reusable */ = {
			isa = PBXGroup;
			children = (
				6E1A8B9E22C86C0F0055B6D8 /* UICollectionView+Reusable.swift */,
				6E1A8B9F22C86C0F0055B6D8 /* Reusable.swift */,
				6E1A8BA022C86C0F0055B6D8 /* UITableView+Reusable.swift */,
				6E1A8BA122C86C0F0055B6D8 /* NibLoadable.swift */,
				6E1A8BA222C86C0F0055B6D8 /* NibOwnerLoadable.swift */,
			);
			path = Reusable;
			sourceTree = "<group>";
		};
		6E1A8BAE22C872BD0055B6D8 /* Cell */ = {
			isa = PBXGroup;
			children = (
				6E1A8BB322C8731E0055B6D8 /* MovieCellView.swift */,
				6E1A8BB122C873110055B6D8 /* MovieCellViewModel.swift */,
			);
			path = Cell;
			sourceTree = "<group>";
		};
		6E8D0E1A231C5B4A002A6861 /* Views */ = {
			isa = PBXGroup;
			children = (
				6ECCA80F22D44752001B91F6 /* CardView.swift */,
				6E29703523A08E2C007BB70C /* CircleProgressView.swift */,
			);
			path = Views;
			sourceTree = "<group>";
		};
		6E8D0E1E231C7479002A6861 /* Service */ = {
			isa = PBXGroup;
			children = (
				B317DCB2243917110069A75C /* Router */,
				B3E9E2332434117200317725 /* Operations */,
				6E8D0E1F231C7491002A6861 /* MovieServiceProtocol.swift */,
				6E8D0E21231C74D4002A6861 /* MovieService.swift */,
			);
			path = Service;
			sourceTree = "<group>";
		};
		B317DCAB2439169F0069A75C /* Model */ = {
			isa = PBXGroup;
			children = (
				B317DCAC243916A90069A75C /* Movie.swift */,
				B317DCAE243916BB0069A75C /* PopularMovies.swift */,
			);
			path = Model;
			sourceTree = "<group>";
		};
		B317DCB2243917110069A75C /* Router */ = {
			isa = PBXGroup;
			children = (
				B317DCB3243917110069A75C /* MovieRouter.swift */,
			);
			path = Router;
			sourceTree = "<group>";
		};
		B317DCB52439173C0069A75C /* List */ = {
			isa = PBXGroup;
			children = (
				B317DCAB2439169F0069A75C /* Model */,
				6E8D0E1E231C7479002A6861 /* Service */,
				6E075F4D22C9629700CBCC8D /* Section */,
				6E1A8BAE22C872BD0055B6D8 /* Cell */,
				6E1A8B5022C84B700055B6D8 /* MovieListViewController.swift */,
				6E1A8B5222C84B770055B6D8 /* MovieListViewModel.swift */,
				6E1A8B5422C84B7F0055B6D8 /* MovieListView.swift */,
			);
			path = List;
			sourceTree = "<group>";
		};
		B37AAB6123221442001A310D /* Source */ = {
			isa = PBXGroup;
			children = (
				6E1A8B4922C83DD60055B6D8 /* Skeleton */,
				6E1A8B9A22C86BA30055B6D8 /* Common */,
				6E1A8B4F22C84B570055B6D8 /* Features */,
				6E1A8B4822C83DA30055B6D8 /* Resoures */,
			);
			path = Source;
			sourceTree = "<group>";
		};
		B3DF84282566C86800E7DBBC /* SkeletonTests */ = {
			isa = PBXGroup;
			children = (
				B3DF84292566C86800E7DBBC /* SkeletonTests.swift */,
				B3DF842B2566C86800E7DBBC /* Info.plist */,
			);
			path = SkeletonTests;
			sourceTree = "<group>";
		};
		B3DF84402566E17500E7DBBC /* Frameworks */ = {
			isa = PBXGroup;
			children = (
			);
			name = Frameworks;
			sourceTree = "<group>";
		};
		B3E9E2332434117200317725 /* Operations */ = {
			isa = PBXGroup;
			children = (
				B3E9E2342434117F00317725 /* AsyncTask.swift */,
				B3E9E2362434118900317725 /* DataTask.swift */,
				B3E9E2382434119300317725 /* ImageTask.swift */,
				B3E9E23A2434119C00317725 /* ImageUtil.swift */,
				B3E9E23C243411A500317725 /* TaskQueue.swift */,
			);
			path = Operations;
			sourceTree = "<group>";
		};
/* End PBXGroup section */

/* Begin PBXNativeTarget section */
		6E1A8B1F22C837080055B6D8 /* Skeleton */ = {
			isa = PBXNativeTarget;
			buildConfigurationList = 6E1A8B3D22C8370B0055B6D8 /* Build configuration list for PBXNativeTarget "Skeleton" */;
			buildPhases = (
				6E1A8B4422C83B580055B6D8 /* Lint */,
				6E1A8B1C22C837080055B6D8 /* Sources */,
				6E1A8B1D22C837080055B6D8 /* Frameworks */,
				6E1A8B1E22C837080055B6D8 /* Resources */,
				6E252E1023949E2500FA5851 /* Embed Frameworks */,
			);
			buildRules = (
			);
			dependencies = (
			);
			name = Skeleton;
			packageProductDependencies = (
				B3DF83FD2566C43D00E7DBBC /* LayoutKit */,
			);
			productName = Skeleton;
			productReference = 6E1A8B2022C837080055B6D8 /* Skeleton.app */;
			productType = "com.apple.product-type.application";
		};
		B3DF84262566C86800E7DBBC /* SkeletonTests */ = {
			isa = PBXNativeTarget;
			buildConfigurationList = B3DF842E2566C86800E7DBBC /* Build configuration list for PBXNativeTarget "SkeletonTests" */;
			buildPhases = (
				B3DF84232566C86800E7DBBC /* Sources */,
				B3DF84242566C86800E7DBBC /* Frameworks */,
				B3DF84252566C86800E7DBBC /* Resources */,
			);
			buildRules = (
			);
			dependencies = (
				B3DF842D2566C86800E7DBBC /* PBXTargetDependency */,
			);
			name = SkeletonTests;
			productName = SkeletonTests;
			productReference = B3DF84272566C86800E7DBBC /* SkeletonTests.xctest */;
			productType = "com.apple.product-type.bundle.unit-test";
		};
/* End PBXNativeTarget section */

/* Begin PBXProject section */
		6E1A8B1822C837080055B6D8 /* Project object */ = {
			isa = PBXProject;
			attributes = {
				LastSwiftUpdateCheck = 1220;
				LastUpgradeCheck = 1220;
				ORGANIZATIONNAME = "Lucas Nascimento";
				TargetAttributes = {
					6E1A8B1F22C837080055B6D8 = {
						CreatedOnToolsVersion = 10.2.1;
					};
					B3DF84262566C86800E7DBBC = {
						CreatedOnToolsVersion = 12.2;
						TestTargetID = 6E1A8B1F22C837080055B6D8;
					};
				};
			};
			buildConfigurationList = 6E1A8B1B22C837080055B6D8 /* Build configuration list for PBXProject "Skeleton" */;
			compatibilityVersion = "Xcode 9.3";
			developmentRegion = en;
			hasScannedForEncodings = 0;
			knownRegions = (
				en,
				Base,
			);
			mainGroup = 6E1A8B1722C837080055B6D8;
			packageReferences = (
				B3DF83FC2566C43D00E7DBBC /* XCRemoteSwiftPackageReference "LayoutKit" */,
			);
			productRefGroup = 6E1A8B2122C837080055B6D8 /* Products */;
			projectDirPath = "";
			projectRoot = "";
			targets = (
				6E1A8B1F22C837080055B6D8 /* Skeleton */,
				B3DF84262566C86800E7DBBC /* SkeletonTests */,
			);
		};
/* End PBXProject section */

/* Begin PBXResourcesBuildPhase section */
		6E1A8B1E22C837080055B6D8 /* Resources */ = {
			isa = PBXResourcesBuildPhase;
			buildActionMask = 2147483647;
			files = (
				6E1A8B2E22C8370B0055B6D8 /* LaunchScreen.storyboard in Resources */,
				6E1A8B2B22C8370B0055B6D8 /* Assets.xcassets in Resources */,
			);
			runOnlyForDeploymentPostprocessing = 0;
		};
		B3DF84252566C86800E7DBBC /* Resources */ = {
			isa = PBXResourcesBuildPhase;
			buildActionMask = 2147483647;
			files = (
			);
			runOnlyForDeploymentPostprocessing = 0;
		};
/* End PBXResourcesBuildPhase section */

/* Begin PBXShellScriptBuildPhase section */
		6E1A8B4422C83B580055B6D8 /* Lint */ = {
			isa = PBXShellScriptBuildPhase;
			buildActionMask = 2147483647;
			files = (
			);
			inputFileListPaths = (
			);
			inputPaths = (
			);
			name = Lint;
			outputFileListPaths = (
			);
			outputPaths = (
			);
			runOnlyForDeploymentPostprocessing = 0;
			shellPath = /bin/sh;
			shellScript = "if which swiftlint >/dev/null; then\nswiftlint\nelse\necho \"warning: SwiftLint not installed, download from https://github.com/realm/SwiftLint\"\nfi\n";
		};
/* End PBXShellScriptBuildPhase section */

/* Begin PBXSourcesBuildPhase section */
		6E1A8B1C22C837080055B6D8 /* Sources */ = {
			isa = PBXSourcesBuildPhase;
			buildActionMask = 2147483647;
			files = (
				6E0FCE7F231AF77700E85079 /* TableViewCell.swift in Sources */,
				6E1A8BA622C86C0F0055B6D8 /* UICollectionView+Reusable.swift in Sources */,
				B3E9E23D243411A500317725 /* TaskQueue.swift in Sources */,
				6E29703623A08E2C007BB70C /* CircleProgressView.swift in Sources */,
				6E1A8B2422C837080055B6D8 /* AppDelegate.swift in Sources */,
				B3E9E2392434119300317725 /* ImageTask.swift in Sources */,
				6E1A8BA822C86C0F0055B6D8 /* UITableView+Reusable.swift in Sources */,
				6E696B03239F4F09000AD9F8 /* UIView+Skeleton.swift in Sources */,
				6EFDA1A823D663FD00BF68DD /* String+Extension.swift in Sources */,
				B3E9E2372434118900317725 /* DataTask.swift in Sources */,
				6E075F4A22C9605A00CBCC8D /* DataSource.swift in Sources */,
				6E8D0E20231C7491002A6861 /* MovieServiceProtocol.swift in Sources */,
				6EFDA1A623D63F3A00BF68DD /* AlertDisplayer.swift in Sources */,
				B317DCAF243916BB0069A75C /* PopularMovies.swift in Sources */,
				6E075F4C22C9608100CBCC8D /* TableSection.swift in Sources */,
				6E1A8BAC22C86C0F0055B6D8 /* ViewCodable.swift in Sources */,
				6E252DF523948F9D00FA5851 /* UIImageView+Cache.swift in Sources */,
				6E1A8BA922C86C0F0055B6D8 /* NibLoadable.swift in Sources */,
				6E1A8BB222C873110055B6D8 /* MovieCellViewModel.swift in Sources */,
				6E0FCE7D231AF75600E85079 /* ViewModelOwner.swift in Sources */,
				B317DCAD243916A90069A75C /* Movie.swift in Sources */,
				6E1A8BA722C86C0F0055B6D8 /* Reusable.swift in Sources */,
				B317DCB4243917110069A75C /* MovieRouter.swift in Sources */,
				6ECCA81022D44752001B91F6 /* CardView.swift in Sources */,
				B3E9E2352434117F00317725 /* AsyncTask.swift in Sources */,
				6E1A8B5122C84B700055B6D8 /* MovieListViewController.swift in Sources */,
				6E8D0E22231C74D4002A6861 /* MovieService.swift in Sources */,
				6E696B05239F4F98000AD9F8 /* UIViewController+Skeleton.swift in Sources */,
				B3E9E23B2434119C00317725 /* ImageUtil.swift in Sources */,
				6E1A8BAA22C86C0F0055B6D8 /* NibOwnerLoadable.swift in Sources */,
				6E1A8B5322C84B770055B6D8 /* MovieListViewModel.swift in Sources */,
				6E1A8BB422C8731E0055B6D8 /* MovieCellView.swift in Sources */,
				6E075F4F22C962B300CBCC8D /* MovieListSection.swift in Sources */,
				6E1A8B5522C84B7F0055B6D8 /* MovieListView.swift in Sources */,
			);
			runOnlyForDeploymentPostprocessing = 0;
		};
		B3DF84232566C86800E7DBBC /* Sources */ = {
			isa = PBXSourcesBuildPhase;
			buildActionMask = 2147483647;
			files = (
				B3DF842A2566C86800E7DBBC /* SkeletonTests.swift in Sources */,
			);
			runOnlyForDeploymentPostprocessing = 0;
		};
/* End PBXSourcesBuildPhase section */

/* Begin PBXTargetDependency section */
		B3DF842D2566C86800E7DBBC /* PBXTargetDependency */ = {
			isa = PBXTargetDependency;
			target = 6E1A8B1F22C837080055B6D8 /* Skeleton */;
			targetProxy = B3DF842C2566C86800E7DBBC /* PBXContainerItemProxy */;
		};
/* End PBXTargetDependency section */

/* Begin PBXVariantGroup section */
		6E1A8B2C22C8370B0055B6D8 /* LaunchScreen.storyboard */ = {
			isa = PBXVariantGroup;
			children = (
				6E1A8B2D22C8370B0055B6D8 /* Base */,
			);
			name = LaunchScreen.storyboard;
			sourceTree = "<group>";
		};
/* End PBXVariantGroup section */

/* Begin XCBuildConfiguration section */
		6E1A8B3B22C8370B0055B6D8 /* Debug */ = {
			isa = XCBuildConfiguration;
			buildSettings = {
				ALWAYS_SEARCH_USER_PATHS = NO;
				CLANG_ANALYZER_NONNULL = YES;
				CLANG_ANALYZER_NUMBER_OBJECT_CONVERSION = YES_AGGRESSIVE;
				CLANG_CXX_LANGUAGE_STANDARD = "gnu++14";
				CLANG_CXX_LIBRARY = "libc++";
				CLANG_ENABLE_MODULES = YES;
				CLANG_ENABLE_OBJC_ARC = YES;
				CLANG_ENABLE_OBJC_WEAK = YES;
				CLANG_WARN_BLOCK_CAPTURE_AUTORELEASING = YES;
				CLANG_WARN_BOOL_CONVERSION = YES;
				CLANG_WARN_COMMA = YES;
				CLANG_WARN_CONSTANT_CONVERSION = YES;
				CLANG_WARN_DEPRECATED_OBJC_IMPLEMENTATIONS = YES;
				CLANG_WARN_DIRECT_OBJC_ISA_USAGE = YES_ERROR;
				CLANG_WARN_DOCUMENTATION_COMMENTS = YES;
				CLANG_WARN_EMPTY_BODY = YES;
				CLANG_WARN_ENUM_CONVERSION = YES;
				CLANG_WARN_INFINITE_RECURSION = YES;
				CLANG_WARN_INT_CONVERSION = YES;
				CLANG_WARN_NON_LITERAL_NULL_CONVERSION = YES;
				CLANG_WARN_OBJC_IMPLICIT_RETAIN_SELF = YES;
				CLANG_WARN_OBJC_LITERAL_CONVERSION = YES;
				CLANG_WARN_OBJC_ROOT_CLASS = YES_ERROR;
				CLANG_WARN_QUOTED_INCLUDE_IN_FRAMEWORK_HEADER = YES;
				CLANG_WARN_RANGE_LOOP_ANALYSIS = YES;
				CLANG_WARN_STRICT_PROTOTYPES = YES;
				CLANG_WARN_SUSPICIOUS_MOVE = YES;
				CLANG_WARN_UNGUARDED_AVAILABILITY = YES_AGGRESSIVE;
				CLANG_WARN_UNREACHABLE_CODE = YES;
				CLANG_WARN__DUPLICATE_METHOD_MATCH = YES;
				CODE_SIGN_IDENTITY = "iPhone Developer";
				COPY_PHASE_STRIP = NO;
				DEBUG_INFORMATION_FORMAT = dwarf;
				ENABLE_STRICT_OBJC_MSGSEND = YES;
				ENABLE_TESTABILITY = YES;
				GCC_C_LANGUAGE_STANDARD = gnu11;
				GCC_DYNAMIC_NO_PIC = NO;
				GCC_NO_COMMON_BLOCKS = YES;
				GCC_OPTIMIZATION_LEVEL = 0;
				GCC_PREPROCESSOR_DEFINITIONS = (
					"DEBUG=1",
					"$(inherited)",
				);
				GCC_WARN_64_TO_32_BIT_CONVERSION = YES;
				GCC_WARN_ABOUT_RETURN_TYPE = YES_ERROR;
				GCC_WARN_UNDECLARED_SELECTOR = YES;
				GCC_WARN_UNINITIALIZED_AUTOS = YES_AGGRESSIVE;
				GCC_WARN_UNUSED_FUNCTION = YES;
				GCC_WARN_UNUSED_VARIABLE = YES;
				IPHONEOS_DEPLOYMENT_TARGET = 12.4;
				MTL_ENABLE_DEBUG_INFO = INCLUDE_SOURCE;
				MTL_FAST_MATH = YES;
				ONLY_ACTIVE_ARCH = YES;
				SDKROOT = iphoneos;
				SWIFT_ACTIVE_COMPILATION_CONDITIONS = DEBUG;
				SWIFT_OPTIMIZATION_LEVEL = "-Onone";
			};
			name = Debug;
		};
		6E1A8B3C22C8370B0055B6D8 /* Release */ = {
			isa = XCBuildConfiguration;
			buildSettings = {
				ALWAYS_SEARCH_USER_PATHS = NO;
				CLANG_ANALYZER_NONNULL = YES;
				CLANG_ANALYZER_NUMBER_OBJECT_CONVERSION = YES_AGGRESSIVE;
				CLANG_CXX_LANGUAGE_STANDARD = "gnu++14";
				CLANG_CXX_LIBRARY = "libc++";
				CLANG_ENABLE_MODULES = YES;
				CLANG_ENABLE_OBJC_ARC = YES;
				CLANG_ENABLE_OBJC_WEAK = YES;
				CLANG_WARN_BLOCK_CAPTURE_AUTORELEASING = YES;
				CLANG_WARN_BOOL_CONVERSION = YES;
				CLANG_WARN_COMMA = YES;
				CLANG_WARN_CONSTANT_CONVERSION = YES;
				CLANG_WARN_DEPRECATED_OBJC_IMPLEMENTATIONS = YES;
				CLANG_WARN_DIRECT_OBJC_ISA_USAGE = YES_ERROR;
				CLANG_WARN_DOCUMENTATION_COMMENTS = YES;
				CLANG_WARN_EMPTY_BODY = YES;
				CLANG_WARN_ENUM_CONVERSION = YES;
				CLANG_WARN_INFINITE_RECURSION = YES;
				CLANG_WARN_INT_CONVERSION = YES;
				CLANG_WARN_NON_LITERAL_NULL_CONVERSION = YES;
				CLANG_WARN_OBJC_IMPLICIT_RETAIN_SELF = YES;
				CLANG_WARN_OBJC_LITERAL_CONVERSION = YES;
				CLANG_WARN_OBJC_ROOT_CLASS = YES_ERROR;
				CLANG_WARN_QUOTED_INCLUDE_IN_FRAMEWORK_HEADER = YES;
				CLANG_WARN_RANGE_LOOP_ANALYSIS = YES;
				CLANG_WARN_STRICT_PROTOTYPES = YES;
				CLANG_WARN_SUSPICIOUS_MOVE = YES;
				CLANG_WARN_UNGUARDED_AVAILABILITY = YES_AGGRESSIVE;
				CLANG_WARN_UNREACHABLE_CODE = YES;
				CLANG_WARN__DUPLICATE_METHOD_MATCH = YES;
				CODE_SIGN_IDENTITY = "iPhone Developer";
				COPY_PHASE_STRIP = NO;
				DEBUG_INFORMATION_FORMAT = "dwarf-with-dsym";
				ENABLE_NS_ASSERTIONS = NO;
				ENABLE_STRICT_OBJC_MSGSEND = YES;
				GCC_C_LANGUAGE_STANDARD = gnu11;
				GCC_NO_COMMON_BLOCKS = YES;
				GCC_WARN_64_TO_32_BIT_CONVERSION = YES;
				GCC_WARN_ABOUT_RETURN_TYPE = YES_ERROR;
				GCC_WARN_UNDECLARED_SELECTOR = YES;
				GCC_WARN_UNINITIALIZED_AUTOS = YES_AGGRESSIVE;
				GCC_WARN_UNUSED_FUNCTION = YES;
				GCC_WARN_UNUSED_VARIABLE = YES;
				IPHONEOS_DEPLOYMENT_TARGET = 12.4;
				MTL_ENABLE_DEBUG_INFO = NO;
				MTL_FAST_MATH = YES;
				SDKROOT = iphoneos;
				SWIFT_COMPILATION_MODE = wholemodule;
				SWIFT_OPTIMIZATION_LEVEL = "-O";
				VALIDATE_PRODUCT = YES;
			};
			name = Release;
		};
		6E1A8B3E22C8370B0055B6D8 /* Debug */ = {
			isa = XCBuildConfiguration;
			buildSettings = {
				ASSETCATALOG_COMPILER_APPICON_NAME = AppIcon;
				CODE_SIGN_STYLE = Automatic;
				DEVELOPMENT_TEAM = "";
				FRAMEWORK_SEARCH_PATHS = (
					"$(inherited)",
					"$(PROJECT_DIR)/Carthage/Build/iOS",
				);
				INFOPLIST_FILE = "$(SRCROOT)/Skeleton/Source/Resoures/Info.plist";
				IPHONEOS_DEPLOYMENT_TARGET = 12.4;
				LD_RUNPATH_SEARCH_PATHS = (
					"$(inherited)",
					"@executable_path/Frameworks",
				);
				PRODUCT_BUNDLE_IDENTIFIER = com.teste.Skeleton;
				PRODUCT_NAME = "$(TARGET_NAME)";
				SWIFT_VERSION = 5.0;
				TARGETED_DEVICE_FAMILY = "1,2";
			};
			name = Debug;
		};
		6E1A8B3F22C8370B0055B6D8 /* Release */ = {
			isa = XCBuildConfiguration;
			buildSettings = {
				ASSETCATALOG_COMPILER_APPICON_NAME = AppIcon;
				CODE_SIGN_STYLE = Automatic;
				DEVELOPMENT_TEAM = "";
				FRAMEWORK_SEARCH_PATHS = (
					"$(inherited)",
					"$(PROJECT_DIR)/Carthage/Build/iOS",
				);
				INFOPLIST_FILE = "$(SRCROOT)/Skeleton/Source/Resoures/Info.plist";
				IPHONEOS_DEPLOYMENT_TARGET = 12.4;
				LD_RUNPATH_SEARCH_PATHS = (
					"$(inherited)",
					"@executable_path/Frameworks",
				);
				PRODUCT_BUNDLE_IDENTIFIER = com.teste.Skeleton;
				PRODUCT_NAME = "$(TARGET_NAME)";
				SWIFT_VERSION = 5.0;
				TARGETED_DEVICE_FAMILY = "1,2";
			};
			name = Release;
		};
		B3DF842F2566C86800E7DBBC /* Debug */ = {
			isa = XCBuildConfiguration;
			buildSettings = {
				BUNDLE_LOADER = "$(TEST_HOST)";
				CODE_SIGN_STYLE = Automatic;
				INFOPLIST_FILE = SkeletonTests/Info.plist;
				IPHONEOS_DEPLOYMENT_TARGET = 12.4;
				LD_RUNPATH_SEARCH_PATHS = (
					"$(inherited)",
					"@executable_path/Frameworks",
					"@loader_path/Frameworks",
				);
				PRODUCT_BUNDLE_IDENTIFIER = com.lucas.SkeletonTests;
				PRODUCT_NAME = "$(TARGET_NAME)";
				SWIFT_VERSION = 5.0;
				TARGETED_DEVICE_FAMILY = "1,2";
				TEST_HOST = "$(BUILT_PRODUCTS_DIR)/Skeleton.app/Skeleton";
			};
			name = Debug;
		};
		B3DF84302566C86800E7DBBC /* Release */ = {
			isa = XCBuildConfiguration;
			buildSettings = {
				BUNDLE_LOADER = "$(TEST_HOST)";
				CODE_SIGN_STYLE = Automatic;
				INFOPLIST_FILE = SkeletonTests/Info.plist;
				IPHONEOS_DEPLOYMENT_TARGET = 12.4;
				LD_RUNPATH_SEARCH_PATHS = (
					"$(inherited)",
					"@executable_path/Frameworks",
					"@loader_path/Frameworks",
				);
				PRODUCT_BUNDLE_IDENTIFIER = com.lucas.SkeletonTests;
				PRODUCT_NAME = "$(TARGET_NAME)";
				SWIFT_VERSION = 5.0;
				TARGETED_DEVICE_FAMILY = "1,2";
				TEST_HOST = "$(BUILT_PRODUCTS_DIR)/Skeleton.app/Skeleton";
			};
			name = Release;
		};
/* End XCBuildConfiguration section */

/* Begin XCConfigurationList section */
		6E1A8B1B22C837080055B6D8 /* Build configuration list for PBXProject "Skeleton" */ = {
			isa = XCConfigurationList;
			buildConfigurations = (
				6E1A8B3B22C8370B0055B6D8 /* Debug */,
				6E1A8B3C22C8370B0055B6D8 /* Release */,
			);
			defaultConfigurationIsVisible = 0;
			defaultConfigurationName = Release;
		};
		6E1A8B3D22C8370B0055B6D8 /* Build configuration list for PBXNativeTarget "Skeleton" */ = {
			isa = XCConfigurationList;
			buildConfigurations = (
				6E1A8B3E22C8370B0055B6D8 /* Debug */,
				6E1A8B3F22C8370B0055B6D8 /* Release */,
			);
			defaultConfigurationIsVisible = 0;
			defaultConfigurationName = Release;
		};
		B3DF842E2566C86800E7DBBC /* Build configuration list for PBXNativeTarget "SkeletonTests" */ = {
			isa = XCConfigurationList;
			buildConfigurations = (
				B3DF842F2566C86800E7DBBC /* Debug */,
				B3DF84302566C86800E7DBBC /* Release */,
			);
			defaultConfigurationIsVisible = 0;
			defaultConfigurationName = Release;
		};
/* End XCConfigurationList section */

/* Begin XCRemoteSwiftPackageReference section */
		B3DF83FC2566C43D00E7DBBC /* XCRemoteSwiftPackageReference "LayoutKit" */ = {
			isa = XCRemoteSwiftPackageReference;
			repositoryURL = "https://github.com/lucabelezal/LayoutKit.git";
			requirement = {
				kind = upToNextMajorVersion;
				minimumVersion = 1.0.16;
			};
		};
/* End XCRemoteSwiftPackageReference section */

/* Begin XCSwiftPackageProductDependency section */
		B3DF83FD2566C43D00E7DBBC /* LayoutKit */ = {
			isa = XCSwiftPackageProductDependency;
			package = B3DF83FC2566C43D00E7DBBC /* XCRemoteSwiftPackageReference "LayoutKit" */;
			productName = LayoutKit;
		};
/* End XCSwiftPackageProductDependency section */
	};
	rootObject = 6E1A8B1822C837080055B6D8 /* Project object */;
}
