{
  "object": {
    "pins": [
      {
        "package": "LayoutKit",
        "repositoryURL": "https://github.com/lucabelezal/LayoutKit.git",
        "state": {
          "branch": null,
          "revision": "88f6fbea4950c5c3d937168d4332c303c4f0d83b",
          "version": "1.0.18"
        }
      }
    ]
  },
  "version": 1
}
